// !$*UTF8*$!
{
	archiveVersion = 1;
	classes = {
	};
	objectVersion = 46;
	objects = {

/* Begin PBXBuildFile section */
		FF5474911865814600A51E91 /* Foundation.framework in Frameworks */ = {isa = PBXBuildFile; fileRef = FF5474901865814600A51E91 /* Foundation.framework */; };
		FF5474931865814600A51E91 /* CoreGraphics.framework in Frameworks */ = {isa = PBXBuildFile; fileRef = FF5474921865814600A51E91 /* CoreGraphics.framework */; };
		FF5474951865814600A51E91 /* UIKit.framework in Frameworks */ = {isa = PBXBuildFile; fileRef = FF5474941865814600A51E91 /* UIKit.framework */; };
		FF54749B1865814600A51E91 /* InfoPlist.strings in Resources */ = {isa = PBXBuildFile; fileRef = FF5474991865814600A51E91 /* InfoPlist.strings */; };
		FF54749D1865814600A51E91 /* main.m in Sources */ = {isa = PBXBuildFile; fileRef = FF54749C1865814600A51E91 /* main.m */; };
		FF5474A11865814600A51E91 /* AppDelegate.m in Sources */ = {isa = PBXBuildFile; fileRef = FF5474A01865814600A51E91 /* AppDelegate.m */; };
		FF5474A41865814600A51E91 /* Main_iPhone.storyboard in Resources */ = {isa = PBXBuildFile; fileRef = FF5474A21865814600A51E91 /* Main_iPhone.storyboard */; };
		FF5474A71865814600A51E91 /* Main_iPad.storyboard in Resources */ = {isa = PBXBuildFile; fileRef = FF5474A51865814600A51E91 /* Main_iPad.storyboard */; };
		FF5474AA1865814600A51E91 /* ViewController.m in Sources */ = {isa = PBXBuildFile; fileRef = FF5474A91865814600A51E91 /* ViewController.m */; };
		FF5474AC1865814600A51E91 /* Images.xcassets in Resources */ = {isa = PBXBuildFile; fileRef = FF5474AB1865814600A51E91 /* Images.xcassets */; };
		FF5474B31865814600A51E91 /* XCTest.framework in Frameworks */ = {isa = PBXBuildFile; fileRef = FF5474B21865814600A51E91 /* XCTest.framework */; };
		FF5474B41865814600A51E91 /* Foundation.framework in Frameworks */ = {isa = PBXBuildFile; fileRef = FF5474901865814600A51E91 /* Foundation.framework */; };
		FF5474B51865814600A51E91 /* UIKit.framework in Frameworks */ = {isa = PBXBuildFile; fileRef = FF5474941865814600A51E91 /* UIKit.framework */; };
		FF5474BD1865814600A51E91 /* InfoPlist.strings in Resources */ = {isa = PBXBuildFile; fileRef = FF5474BB1865814600A51E91 /* InfoPlist.strings */; };
		FF5474BF1865814600A51E91 /* FlickrTests.m in Sources */ = {isa = PBXBuildFile; fileRef = FF5474BE1865814600A51E91 /* FlickrTests.m */; };
/* End PBXBuildFile section */

/* Begin PBXContainerItemProxy section */
		FF5474B61865814600A51E91 /* PBXContainerItemProxy */ = {
			isa = PBXContainerItemProxy;
			containerPortal = FF5474851865814600A51E91 /* Project object */;
			proxyType = 1;
			remoteGlobalIDString = FF54748C1865814600A51E91;
			remoteInfo = Flickr;
		};
/* End PBXContainerItemProxy section */

/* Begin PBXFileReference section */
		FF54748D1865814600A51E91 /* Flickr.app */ = {isa = PBXFileReference; explicitFileType = wrapper.application; includeInIndex = 0; path = Flickr.app; sourceTree = BUILT_PRODUCTS_DIR; };
		FF5474901865814600A51E91 /* Foundation.framework */ = {isa = PBXFileReference; lastKnownFileType = wrapper.framework; name = Foundation.framework; path = System/Library/Frameworks/Foundation.framework; sourceTree = SDKROOT; };
		FF5474921865814600A51E91 /* CoreGraphics.framework */ = {isa = PBXFileReference; lastKnownFileType = wrapper.framework; name = CoreGraphics.framework; path = System/Library/Frameworks/CoreGraphics.framework; sourceTree = SDKROOT; };
		FF5474941865814600A51E91 /* UIKit.framework */ = {isa = PBXFileReference; lastKnownFileType = wrapper.framework; name = UIKit.framework; path = System/Library/Frameworks/UIKit.framework; sourceTree = SDKROOT; };
		FF5474981865814600A51E91 /* Flickr-Info.plist */ = {isa = PBXFileReference; lastKnownFileType = text.plist.xml; path = "Flickr-Info.plist"; sourceTree = "<group>"; };
		FF54749A1865814600A51E91 /* en */ = {isa = PBXFileReference; lastKnownFileType = text.plist.strings; name = en; path = en.lproj/InfoPlist.strings; sourceTree = "<group>"; };
		FF54749C1865814600A51E91 /* main.m */ = {isa = PBXFileReference; lastKnownFileType = sourcecode.c.objc; path = main.m; sourceTree = "<group>"; };
		FF54749E1865814600A51E91 /* Flickr-Prefix.pch */ = {isa = PBXFileReference; lastKnownFileType = sourcecode.c.h; path = "Flickr-Prefix.pch"; sourceTree = "<group>"; };
		FF54749F1865814600A51E91 /* AppDelegate.h */ = {isa = PBXFileReference; lastKnownFileType = sourcecode.c.h; path = AppDelegate.h; sourceTree = "<group>"; };
		FF5474A01865814600A51E91 /* AppDelegate.m */ = {isa = PBXFileReference; lastKnownFileType = sourcecode.c.objc; path = AppDelegate.m; sourceTree = "<group>"; };
		FF5474A31865814600A51E91 /* Base */ = {isa = PBXFileReference; lastKnownFileType = file.storyboard; name = Base; path = Base.lproj/Main_iPhone.storyboard; sourceTree = "<group>"; };
		FF5474A61865814600A51E91 /* Base */ = {isa = PBXFileReference; lastKnownFileType = file.storyboard; name = Base; path = Base.lproj/Main_iPad.storyboard; sourceTree = "<group>"; };
		FF5474A81865814600A51E91 /* ViewController.h */ = {isa = PBXFileReference; lastKnownFileType = sourcecode.c.h; path = ViewController.h; sourceTree = "<group>"; };
		FF5474A91865814600A51E91 /* ViewController.m */ = {isa = PBXFileReference; lastKnownFileType = sourcecode.c.objc; path = ViewController.m; sourceTree = "<group>"; };
		FF5474AB1865814600A51E91 /* Images.xcassets */ = {isa = PBXFileReference; lastKnownFileType = folder.assetcatalog; path = Images.xcassets; sourceTree = "<group>"; };
		FF5474B11865814600A51E91 /* FlickrTests.xctest */ = {isa = PBXFileReference; explicitFileType = wrapper.cfbundle; includeInIndex = 0; path = FlickrTests.xctest; sourceTree = BUILT_PRODUCTS_DIR; };
		FF5474B21865814600A51E91 /* XCTest.framework */ = {isa = PBXFileReference; lastKnownFileType = wrapper.framework; name = XCTest.framework; path = Library/Frameworks/XCTest.framework; sourceTree = DEVELOPER_DIR; };
		FF5474BA1865814600A51E91 /* FlickrTests-Info.plist */ = {isa = PBXFileReference; lastKnownFileType = text.plist.xml; path = "FlickrTests-Info.plist"; sourceTree = "<group>"; };
		FF5474BC1865814600A51E91 /* en */ = {isa = PBXFileReference; lastKnownFileType = text.plist.strings; name = en; path = en.lproj/InfoPlist.strings; sourceTree = "<group>"; };
		FF5474BE1865814600A51E91 /* FlickrTests.m */ = {isa = PBXFileReference; lastKnownFileType = sourcecode.c.objc; path = FlickrTests.m; sourceTree = "<group>"; };
/* End PBXFileReference section */

/* Begin PBXFrameworksBuildPhase section */
		FF54748A1865814600A51E91 /* Frameworks */ = {
			isa = PBXFrameworksBuildPhase;
			buildActionMask = 2147483647;
			files = (
				FF5474931865814600A51E91 /* CoreGraphics.framework in Frameworks */,
				FF5474951865814600A51E91 /* UIKit.framework in Frameworks */,
				FF5474911865814600A51E91 /* Foundation.framework in Frameworks */,
			);
			runOnlyForDeploymentPostprocessing = 0;
		};
		FF5474AE1865814600A51E91 /* Frameworks */ = {
			isa = PBXFrameworksBuildPhase;
			buildActionMask = 2147483647;
			files = (
				FF5474B31865814600A51E91 /* XCTest.framework in Frameworks */,
				FF5474B51865814600A51E91 /* UIKit.framework in Frameworks */,
				FF5474B41865814600A51E91 /* Foundation.framework in Frameworks */,
			);
			runOnlyForDeploymentPostprocessing = 0;
		};
/* End PBXFrameworksBuildPhase section */

/* Begin PBXGroup section */
		FF5474841865814600A51E91 = {
			isa = PBXGroup;
			children = (
				FF5474961865814600A51E91 /* Flickr */,
				FF5474B81865814600A51E91 /* FlickrTests */,
				FF54748F1865814600A51E91 /* Frameworks */,
				FF54748E1865814600A51E91 /* Products */,
			);
			sourceTree = "<group>";
		};
		FF54748E1865814600A51E91 /* Products */ = {
			isa = PBXGroup;
			children = (
				FF54748D1865814600A51E91 /* Flickr.app */,
				FF5474B11865814600A51E91 /* FlickrTests.xctest */,
			);
			name = Products;
			sourceTree = "<group>";
		};
		FF54748F1865814600A51E91 /* Frameworks */ = {
			isa = PBXGroup;
			children = (
				FF5474901865814600A51E91 /* Foundation.framework */,
				FF5474921865814600A51E91 /* CoreGraphics.framework */,
				FF5474941865814600A51E91 /* UIKit.framework */,
				FF5474B21865814600A51E91 /* XCTest.framework */,
			);
			name = Frameworks;
			sourceTree = "<group>";
		};
		FF5474961865814600A51E91 /* Flickr */ = {
			isa = PBXGroup;
			children = (
				FF54749F1865814600A51E91 /* AppDelegate.h */,
				FF5474A01865814600A51E91 /* AppDelegate.m */,
				FF5474A21865814600A51E91 /* Main_iPhone.storyboard */,
				FF5474A51865814600A51E91 /* Main_iPad.storyboard */,
				FF5474A81865814600A51E91 /* ViewController.h */,
				FF5474A91865814600A51E91 /* ViewController.m */,
				FF5474AB1865814600A51E91 /* Images.xcassets */,
				FF5474971865814600A51E91 /* Supporting Files */,
			);
			path = Flickr;
			sourceTree = "<group>";
		};
		FF5474971865814600A51E91 /* Supporting Files */ = {
			isa = PBXGroup;
			children = (
				FF5474981865814600A51E91 /* Flickr-Info.plist */,
				FF5474991865814600A51E91 /* InfoPlist.strings */,
				FF54749C1865814600A51E91 /* main.m */,
				FF54749E1865814600A51E91 /* Flickr-Prefix.pch */,
			);
			name = "Supporting Files";
			sourceTree = "<group>";
		};
		FF5474B81865814600A51E91 /* FlickrTests */ = {
			isa = PBXGroup;
			children = (
				FF5474BE1865814600A51E91 /* FlickrTests.m */,
				FF5474B91865814600A51E91 /* Supporting Files */,
			);
			path = FlickrTests;
			sourceTree = "<group>";
		};
		FF5474B91865814600A51E91 /* Supporting Files */ = {
			isa = PBXGroup;
			children = (
				FF5474BA1865814600A51E91 /* FlickrTests-Info.plist */,
				FF5474BB1865814600A51E91 /* InfoPlist.strings */,
			);
			name = "Supporting Files";
			sourceTree = "<group>";
		};
/* End PBXGroup section */

/* Begin PBXNativeTarget section */
		FF54748C1865814600A51E91 /* Flickr */ = {
			isa = PBXNativeTarget;
			buildConfigurationList = FF5474C21865814600A51E91 /* Build configuration list for PBXNativeTarget "Flickr" */;
			buildPhases = (
				FF5474891865814600A51E91 /* Sources */,
				FF54748A1865814600A51E91 /* Frameworks */,
				FF54748B1865814600A51E91 /* Resources */,
			);
			buildRules = (
			);
			dependencies = (
			);
			name = Flickr;
			productName = Flickr;
			productReference = FF54748D1865814600A51E91 /* Flickr.app */;
			productType = "com.apple.product-type.application";
		};
		FF5474B01865814600A51E91 /* FlickrTests */ = {
			isa = PBXNativeTarget;
			buildConfigurationList = FF5474C51865814600A51E91 /* Build configuration list for PBXNativeTarget "FlickrTests" */;
			buildPhases = (
				FF5474AD1865814600A51E91 /* Sources */,
				FF5474AE1865814600A51E91 /* Frameworks */,
				FF5474AF1865814600A51E91 /* Resources */,
			);
			buildRules = (
			);
			dependencies = (
				FF5474B71865814600A51E91 /* PBXTargetDependency */,
			);
			name = FlickrTests;
			productName = FlickrTests;
			productReference = FF5474B11865814600A51E91 /* FlickrTests.xctest */;
			productType = "com.apple.product-type.bundle.unit-test";
		};
/* End PBXNativeTarget section */

/* Begin PBXProject section */
		FF5474851865814600A51E91 /* Project object */ = {
			isa = PBXProject;
			attributes = {
				LastUpgradeCheck = 0500;
				ORGANIZATIONNAME = "Maria Naschanskaya";
				TargetAttributes = {
					FF5474B01865814600A51E91 = {
						TestTargetID = FF54748C1865814600A51E91;
					};
				};
			};
			buildConfigurationList = FF5474881865814600A51E91 /* Build configuration list for PBXProject "Flickr" */;
			compatibilityVersion = "Xcode 3.2";
			developmentRegion = English;
			hasScannedForEncodings = 0;
			knownRegions = (
				en,
				Base,
			);
			mainGroup = FF5474841865814600A51E91;
			productRefGroup = FF54748E1865814600A51E91 /* Products */;
			projectDirPath = "";
			projectRoot = "";
			targets = (
				FF54748C1865814600A51E91 /* Flickr */,
				FF5474B01865814600A51E91 /* FlickrTests */,
			);
		};
/* End PBXProject section */

/* Begin PBXResourcesBuildPhase section */
		FF54748B1865814600A51E91 /* Resources */ = {
			isa = PBXResourcesBuildPhase;
			buildActionMask = 2147483647;
			files = (
				FF5474A71865814600A51E91 /* Main_iPad.storyboard in Resources */,
				FF5474AC1865814600A51E91 /* Images.xcassets in Resources */,
				FF5474A41865814600A51E91 /* Main_iPhone.storyboard in Resources */,
				FF54749B1865814600A51E91 /* InfoPlist.strings in Resources */,
			);
			runOnlyForDeploymentPostprocessing = 0;
		};
		FF5474AF1865814600A51E91 /* Resources */ = {
			isa = PBXResourcesBuildPhase;
			buildActionMask = 2147483647;
			files = (
				FF5474BD1865814600A51E91 /* InfoPlist.strings in Resources */,
			);
			runOnlyForDeploymentPostprocessing = 0;
		};
/* End PBXResourcesBuildPhase section */

/* Begin PBXSourcesBuildPhase section */
		FF5474891865814600A51E91 /* Sources */ = {
			isa = PBXSourcesBuildPhase;
			buildActionMask = 2147483647;
			files = (
				FF5474AA1865814600A51E91 /* ViewController.m in Sources */,
				FF5474A11865814600A51E91 /* AppDelegate.m in Sources */,
				FF54749D1865814600A51E91 /* main.m in Sources */,
			);
			runOnlyForDeploymentPostprocessing = 0;
		};
		FF5474AD1865814600A51E91 /* Sources */ = {
			isa = PBXSourcesBuildPhase;
			buildActionMask = 2147483647;
			files = (
				FF5474BF1865814600A51E91 /* FlickrTests.m in Sources */,
			);
			runOnlyForDeploymentPostprocessing = 0;
		};
/* End PBXSourcesBuildPhase section */

/* Begin PBXTargetDependency section */
		FF5474B71865814600A51E91 /* PBXTargetDependency */ = {
			isa = PBXTargetDependency;
			target = FF54748C1865814600A51E91 /* Flickr */;
			targetProxy = FF5474B61865814600A51E91 /* PBXContainerItemProxy */;
		};
/* End PBXTargetDependency section */

/* Begin PBXVariantGroup section */
		FF5474991865814600A51E91 /* InfoPlist.strings */ = {
			isa = PBXVariantGroup;
			children = (
				FF54749A1865814600A51E91 /* en */,
			);
			name = InfoPlist.strings;
			sourceTree = "<group>";
		};
		FF5474A21865814600A51E91 /* Main_iPhone.storyboard */ = {
			isa = PBXVariantGroup;
			children = (
				FF5474A31865814600A51E91 /* Base */,
			);
			name = Main_iPhone.storyboard;
			sourceTree = "<group>";
		};
		FF5474A51865814600A51E91 /* Main_iPad.storyboard */ = {
			isa = PBXVariantGroup;
			children = (
				FF5474A61865814600A51E91 /* Base */,
			);
			name = Main_iPad.storyboard;
			sourceTree = "<group>";
		};
		FF5474BB1865814600A51E91 /* InfoPlist.strings */ = {
			isa = PBXVariantGroup;
			children = (
				FF5474BC1865814600A51E91 /* en */,
			);
			name = InfoPlist.strings;
			sourceTree = "<group>";
		};
/* End PBXVariantGroup section */

/* Begin XCBuildConfiguration section */
		FF5474C01865814600A51E91 /* Debug */ = {
			isa = XCBuildConfiguration;
			buildSettings = {
				ALWAYS_SEARCH_USER_PATHS = NO;
				ARCHS = "$(ARCHS_STANDARD_INCLUDING_64_BIT)";
				CLANG_CXX_LANGUAGE_STANDARD = "gnu++0x";
				CLANG_CXX_LIBRARY = "libc++";
				CLANG_ENABLE_MODULES = YES;
				CLANG_ENABLE_OBJC_ARC = YES;
				CLANG_WARN_BOOL_CONVERSION = YES;
				CLANG_WARN_CONSTANT_CONVERSION = YES;
				CLANG_WARN_DIRECT_OBJC_ISA_USAGE = YES_ERROR;
				CLANG_WARN_EMPTY_BODY = YES;
				CLANG_WARN_ENUM_CONVERSION = YES;
				CLANG_WARN_INT_CONVERSION = YES;
				CLANG_WARN_OBJC_ROOT_CLASS = YES_ERROR;
				CLANG_WARN__DUPLICATE_METHOD_MATCH = YES;
				"CODE_SIGN_IDENTITY[sdk=iphoneos*]" = "iPhone Developer";
				COPY_PHASE_STRIP = NO;
				GCC_C_LANGUAGE_STANDARD = gnu99;
				GCC_DYNAMIC_NO_PIC = NO;
				GCC_OPTIMIZATION_LEVEL = 0;
				GCC_PREPROCESSOR_DEFINITIONS = (
					"DEBUG=1",
					"$(inherited)",
				);
				GCC_SYMBOLS_PRIVATE_EXTERN = NO;
				GCC_WARN_64_TO_32_BIT_CONVERSION = YES;
				GCC_WARN_ABOUT_RETURN_TYPE = YES_ERROR;
				GCC_WARN_UNDECLARED_SELECTOR = YES;
				GCC_WARN_UNINITIALIZED_AUTOS = YES;
				GCC_WARN_UNUSED_FUNCTION = YES;
				GCC_WARN_UNUSED_VARIABLE = YES;
				IPHONEOS_DEPLOYMENT_TARGET = 7.0;
				ONLY_ACTIVE_ARCH = YES;
				SDKROOT = iphoneos;
				TARGETED_DEVICE_FAMILY = "1,2";
			};
			name = Debug;
		};
		FF5474C11865814600A51E91 /* Release */ = {
			isa = XCBuildConfiguration;
			buildSettings = {
				ALWAYS_SEARCH_USER_PATHS = NO;
				ARCHS = "$(ARCHS_STANDARD_INCLUDING_64_BIT)";
				CLANG_CXX_LANGUAGE_STANDARD = "gnu++0x";
				CLANG_CXX_LIBRARY = "libc++";
				CLANG_ENABLE_MODULES = YES;
				CLANG_ENABLE_OBJC_ARC = YES;
				CLANG_WARN_BOOL_CONVERSION = YES;
				CLANG_WARN_CONSTANT_CONVERSION = YES;
				CLANG_WARN_DIRECT_OBJC_ISA_USAGE = YES_ERROR;
				CLANG_WARN_EMPTY_BODY = YES;
				CLANG_WARN_ENUM_CONVERSION = YES;
				CLANG_WARN_INT_CONVERSION = YES;
				CLANG_WARN_OBJC_ROOT_CLASS = YES_ERROR;
				CLANG_WARN__DUPLICATE_METHOD_MATCH = YES;
				"CODE_SIGN_IDENTITY[sdk=iphoneos*]" = "iPhone Developer";
				COPY_PHASE_STRIP = YES;
				ENABLE_NS_ASSERTIONS = NO;
				GCC_C_LANGUAGE_STANDARD = gnu99;
				GCC_WARN_64_TO_32_BIT_CONVERSION = YES;
				GCC_WARN_ABOUT_RETURN_TYPE = YES_ERROR;
				GCC_WARN_UNDECLARED_SELECTOR = YES;
				GCC_WARN_UNINITIALIZED_AUTOS = YES;
				GCC_WARN_UNUSED_FUNCTION = YES;
				GCC_WARN_UNUSED_VARIABLE = YES;
				IPHONEOS_DEPLOYMENT_TARGET = 7.0;
				SDKROOT = iphoneos;
				TARGETED_DEVICE_FAMILY = "1,2";
				VALIDATE_PRODUCT = YES;
			};
			name = Release;
		};
		FF5474C31865814600A51E91 /* Debug */ = {
			isa = XCBuildConfiguration;
			buildSettings = {
				ASSETCATALOG_COMPILER_APPICON_NAME = AppIcon;
				ASSETCATALOG_COMPILER_LAUNCHIMAGE_NAME = LaunchImage;
				GCC_PRECOMPILE_PREFIX_HEADER = YES;
				GCC_PREFIX_HEADER = "Flickr/Flickr-Prefix.pch";
				INFOPLIST_FILE = "Flickr/Flickr-Info.plist";
				PRODUCT_NAME = "$(TARGET_NAME)";
				WRAPPER_EXTENSION = app;
			};
			name = Debug;
		};
		FF5474C41865814600A51E91 /* Release */ = {
			isa = XCBuildConfiguration;
			buildSettings = {
				ASSETCATALOG_COMPILER_APPICON_NAME = AppIcon;
				ASSETCATALOG_COMPILER_LAUNCHIMAGE_NAME = LaunchImage;
				GCC_PRECOMPILE_PREFIX_HEADER = YES;
				GCC_PREFIX_HEADER = "Flickr/Flickr-Prefix.pch";
				INFOPLIST_FILE = "Flickr/Flickr-Info.plist";
				PRODUCT_NAME = "$(TARGET_NAME)";
				WRAPPER_EXTENSION = app;
			};
			name = Release;
		};
		FF5474C61865814600A51E91 /* Debug */ = {
			isa = XCBuildConfiguration;
			buildSettings = {
				ARCHS = "$(ARCHS_STANDARD_INCLUDING_64_BIT)";
				BUNDLE_LOADER = "$(BUILT_PRODUCTS_DIR)/Flickr.app/Flickr";
				FRAMEWORK_SEARCH_PATHS = (
					"$(SDKROOT)/Developer/Library/Frameworks",
					"$(inherited)",
					"$(DEVELOPER_FRAMEWORKS_DIR)",
				);
				GCC_PRECOMPILE_PREFIX_HEADER = YES;
				GCC_PREFIX_HEADER = "Flickr/Flickr-Prefix.pch";
				GCC_PREPROCESSOR_DEFINITIONS = (
					"DEBUG=1",
					"$(inherited)",
				);
				INFOPLIST_FILE = "FlickrTests/FlickrTests-Info.plist";
				PRODUCT_NAME = "$(TARGET_NAME)";
				TEST_HOST = "$(BUNDLE_LOADER)";
				WRAPPER_EXTENSION = xctest;
			};
			name = Debug;
		};
		FF5474C71865814600A51E91 /* Release */ = {
			isa = XCBuildConfiguration;
			buildSettings = {
				ARCHS = "$(ARCHS_STANDARD_INCLUDING_64_BIT)";
				BUNDLE_LOADER = "$(BUILT_PRODUCTS_DIR)/Flickr.app/Flickr";
				FRAMEWORK_SEARCH_PATHS = (
					"$(SDKROOT)/Developer/Library/Frameworks",
					"$(inherited)",
					"$(DEVELOPER_FRAMEWORKS_DIR)",
				);
				GCC_PRECOMPILE_PREFIX_HEADER = YES;
				GCC_PREFIX_HEADER = "Flickr/Flickr-Prefix.pch";
				INFOPLIST_FILE = "FlickrTests/FlickrTests-Info.plist";
				PRODUCT_NAME = "$(TARGET_NAME)";
				TEST_HOST = "$(BUNDLE_LOADER)";
				WRAPPER_EXTENSION = xctest;
			};
			name = Release;
		};
/* End XCBuildConfiguration section */

/* Begin XCConfigurationList section */
		FF5474881865814600A51E91 /* Build configuration list for PBXProject "Flickr" */ = {
			isa = XCConfigurationList;
			buildConfigurations = (
				FF5474C01865814600A51E91 /* Debug */,
				FF5474C11865814600A51E91 /* Release */,
			);
			defaultConfigurationIsVisible = 0;
			defaultConfigurationName = Release;
		};
		FF5474C21865814600A51E91 /* Build configuration list for PBXNativeTarget "Flickr" */ = {
			isa = XCConfigurationList;
			buildConfigurations = (
				FF5474C31865814600A51E91 /* Debug */,
				FF5474C41865814600A51E91 /* Release */,
			);
			defaultConfigurationIsVisible = 0;
		};
		FF5474C51865814600A51E91 /* Build configuration list for PBXNativeTarget "FlickrTests" */ = {
			isa = XCConfigurationList;
			buildConfigurations = (
				FF5474C61865814600A51E91 /* Debug */,
				FF5474C71865814600A51E91 /* Release */,
			);
			defaultConfigurationIsVisible = 0;
		};
/* End XCConfigurationList section */
	};
	rootObject = FF5474851865814600A51E91 /* Project object */;
}
